
Microsoft Visual Studio Solution File, Format Version 12.00
# Visual Studio Version 16
VisualStudioVersion = 16.0.31205.134
MinimumVisualStudioVersion = 10.0.40219.1
Project("{8BC9CEB8-8B4A-11D0-8D11-00A0C91BC942}") = "1-1", "WindowsApi\WindowsApi.vcxproj", "{2041C426-923C-416E-B4BB-7C9C24A0C225}"
EndProject
Project("{8BC9CEB8-8B4A-11D0-8D11-00A0C91BC942}") = "1-2", "1-2\1-2.vcxproj", "{64C9D730-23B0-4648-BC7B-7E90D1E0A72B}"
EndProject
Project("{8BC9CEB8-8B4A-11D0-8D11-00A0C91BC942}") = "2-1", "2-1\2-1.vcxproj", "{81638A01-9481-4E0A-BAC8-AD4884447D15}"
EndProject
Project("{8BC9CEB8-8B4A-11D0-8D11-00A0C91BC942}") = "2-2", "2-2\2-2.vcxproj", "{A393DE9E-E807-4549-8F6B-75C9695BF08C}"
EndProject
Project("{8BC9CEB8-8B4A-11D0-8D11-00A0C91BC942}") = "2-3", "2-3\2-3.vcxproj", "{287B70E6-1C83-43F7-B611-6321C897A927}"
EndProject
Project("{8BC9CEB8-8B4A-11D0-8D11-00A0C91BC942}") = "2-4", "2-4\2-4.vcxproj", "{B3FFA4FD-263A-45FB-89CB-7C44A509B905}"
EndProject
Project("{8BC9CEB8-8B4A-11D0-8D11-00A0C91BC942}") = "2-5", "2-5\2-5.vcxproj", "{35871946-25A8-47B9-8521-6B60159241F9}"
EndProject
Project("{8BC9CEB8-8B4A-11D0-8D11-00A0C91BC942}") = "2-6", "2-6\2-6.vcxproj", "{F53A7773-9EC2-484A-BA48-D5843660D847}"
EndProject
Project("{8BC9CEB8-8B4A-11D0-8D11-00A0C91BC942}") = "2-7", "2-7\2-7.vcxproj", "{CC4C7CC2-8D85-4497-AD96-D59C520BA2B4}"
EndProject
Project("{8BC9CEB8-8B4A-11D0-8D11-00A0C91BC942}") = "2-8", "2-8\2-8.vcxproj", "{FD8FE2CE-F0A3-4301-B243-596565E9222C}"
EndProject
Project("{8BC9CEB8-8B4A-11D0-8D11-00A0C91BC942}") = "2-9", "2-9\2-9.vcxproj", "{D3019408-CD6D-414A-9E9E-60D77B7350EE}"
EndProject
Project("{8BC9CEB8-8B4A-11D0-8D11-00A0C91BC942}") = "2-10", "2-10\2-10.vcxproj", "{02C647C5-FEE6-4B2E-8D4F-18AF4248F3DA}"
EndProject
Project("{8BC9CEB8-8B4A-11D0-8D11-00A0C91BC942}") = "2-11", "2-11\2-11.vcxproj", "{6939E8DB-9641-49D1-95B7-37B57525EF6F}"
EndProject
Project("{8BC9CEB8-8B4A-11D0-8D11-00A0C91BC942}") = "2-12", "2-12\2-12.vcxproj", "{59832BF0-A568-40B9-806C-4B921E8B71FA}"
EndProject
Project("{8BC9CEB8-8B4A-11D0-8D11-00A0C91BC942}") = "2-13", "2-13\2-13.vcxproj", "{7A7CAA39-12FD-4EBE-9267-7C76D39ACE19}"
EndProject
Global
	GlobalSection(SolutionConfigurationPlatforms) = preSolution
		Debug|x64 = Debug|x64
		Debug|x86 = Debug|x86
		Release|x64 = Release|x64
		Release|x86 = Release|x86
	EndGlobalSection
	GlobalSection(ProjectConfigurationPlatforms) = postSolution
		{2041C426-923C-416E-B4BB-7C9C24A0C225}.Debug|x64.ActiveCfg = Debug|x64
		{2041C426-923C-416E-B4BB-7C9C24A0C225}.Debug|x64.Build.0 = Debug|x64
		{2041C426-923C-416E-B4BB-7C9C24A0C225}.Debug|x86.ActiveCfg = Debug|Win32
		{2041C426-923C-416E-B4BB-7C9C24A0C225}.Debug|x86.Build.0 = Debug|Win32
		{2041C426-923C-416E-B4BB-7C9C24A0C225}.Release|x64.ActiveCfg = Release|x64
		{2041C426-923C-416E-B4BB-7C9C24A0C225}.Release|x64.Build.0 = Release|x64
		{2041C426-923C-416E-B4BB-7C9C24A0C225}.Release|x86.ActiveCfg = Release|Win32
		{2041C426-923C-416E-B4BB-7C9C24A0C225}.Release|x86.Build.0 = Release|Win32
		{64C9D730-23B0-4648-BC7B-7E90D1E0A72B}.Debug|x64.ActiveCfg = Debug|x64
		{64C9D730-23B0-4648-BC7B-7E90D1E0A72B}.Debug|x64.Build.0 = Debug|x64
		{64C9D730-23B0-4648-BC7B-7E90D1E0A72B}.Debug|x86.ActiveCfg = Debug|Win32
		{64C9D730-23B0-4648-BC7B-7E90D1E0A72B}.Debug|x86.Build.0 = Debug|Win32
		{64C9D730-23B0-4648-BC7B-7E90D1E0A72B}.Release|x64.ActiveCfg = Release|x64
		{64C9D730-23B0-4648-BC7B-7E90D1E0A72B}.Release|x64.Build.0 = Release|x64
		{64C9D730-23B0-4648-BC7B-7E90D1E0A72B}.Release|x86.ActiveCfg = Release|Win32
		{64C9D730-23B0-4648-BC7B-7E90D1E0A72B}.Release|x86.Build.0 = Release|Win32
		{81638A01-9481-4E0A-BAC8-AD4884447D15}.Debug|x64.ActiveCfg = Debug|x64
		{81638A01-9481-4E0A-BAC8-AD4884447D15}.Debug|x64.Build.0 = Debug|x64
		{81638A01-9481-4E0A-BAC8-AD4884447D15}.Debug|x86.ActiveCfg = Debug|Win32
		{81638A01-9481-4E0A-BAC8-AD4884447D15}.Debug|x86.Build.0 = Debug|Win32
		{81638A01-9481-4E0A-BAC8-AD4884447D15}.Release|x64.ActiveCfg = Release|x64
		{81638A01-9481-4E0A-BAC8-AD4884447D15}.Release|x64.Build.0 = Release|x64
		{81638A01-9481-4E0A-BAC8-AD4884447D15}.Release|x86.ActiveCfg = Release|Win32
		{81638A01-9481-4E0A-BAC8-AD4884447D15}.Release|x86.Build.0 = Release|Win32
		{A393DE9E-E807-4549-8F6B-75C9695BF08C}.Debug|x64.ActiveCfg = Debug|x64
		{A393DE9E-E807-4549-8F6B-75C9695BF08C}.Debug|x64.Build.0 = Debug|x64
		{A393DE9E-E807-4549-8F6B-75C9695BF08C}.Debug|x86.ActiveCfg = Debug|Win32
		{A393DE9E-E807-4549-8F6B-75C9695BF08C}.Debug|x86.Build.0 = Debug|Win32
		{A393DE9E-E807-4549-8F6B-75C9695BF08C}.Release|x64.ActiveCfg = Release|x64
		{A393DE9E-E807-4549-8F6B-75C9695BF08C}.Release|x64.Build.0 = Release|x64
		{A393DE9E-E807-4549-8F6B-75C9695BF08C}.Release|x86.ActiveCfg = Release|Win32
		{A393DE9E-E807-4549-8F6B-75C9695BF08C}.Release|x86.Build.0 = Release|Win32
		{287B70E6-1C83-43F7-B611-6321C897A927}.Debug|x64.ActiveCfg = Debug|x64
		{287B70E6-1C83-43F7-B611-6321C897A927}.Debug|x64.Build.0 = Debug|x64
		{287B70E6-1C83-43F7-B611-6321C897A927}.Debug|x86.ActiveCfg = Debug|Win32
		{287B70E6-1C83-43F7-B611-6321C897A927}.Debug|x86.Build.0 = Debug|Win32
		{287B70E6-1C83-43F7-B611-6321C897A927}.Release|x64.ActiveCfg = Release|x64
		{287B70E6-1C83-43F7-B611-6321C897A927}.Release|x64.Build.0 = Release|x64
		{287B70E6-1C83-43F7-B611-6321C897A927}.Release|x86.ActiveCfg = Release|Win32
		{287B70E6-1C83-43F7-B611-6321C897A927}.Release|x86.Build.0 = Release|Win32
		{B3FFA4FD-263A-45FB-89CB-7C44A509B905}.Debug|x64.ActiveCfg = Debug|x64
		{B3FFA4FD-263A-45FB-89CB-7C44A509B905}.Debug|x64.Build.0 = Debug|x64
		{B3FFA4FD-263A-45FB-89CB-7C44A509B905}.Debug|x86.ActiveCfg = Debug|Win32
		{B3FFA4FD-263A-45FB-89CB-7C44A509B905}.Debug|x86.Build.0 = Debug|Win32
		{B3FFA4FD-263A-45FB-89CB-7C44A509B905}.Release|x64.ActiveCfg = Release|x64
		{B3FFA4FD-263A-45FB-89CB-7C44A509B905}.Release|x64.Build.0 = Release|x64
		{B3FFA4FD-263A-45FB-89CB-7C44A509B905}.Release|x86.ActiveCfg = Release|Win32
		{B3FFA4FD-263A-45FB-89CB-7C44A509B905}.Release|x86.Build.0 = Release|Win32
		{35871946-25A8-47B9-8521-6B60159241F9}.Debug|x64.ActiveCfg = Debug|x64
		{35871946-25A8-47B9-8521-6B60159241F9}.Debug|x64.Build.0 = Debug|x64
		{35871946-25A8-47B9-8521-6B60159241F9}.Debug|x86.ActiveCfg = Debug|Win32
		{35871946-25A8-47B9-8521-6B60159241F9}.Debug|x86.Build.0 = Debug|Win32
		{35871946-25A8-47B9-8521-6B60159241F9}.Release|x64.ActiveCfg = Release|x64
		{35871946-25A8-47B9-8521-6B60159241F9}.Release|x64.Build.0 = Release|x64
		{35871946-25A8-47B9-8521-6B60159241F9}.Release|x86.ActiveCfg = Release|Win32
		{35871946-25A8-47B9-8521-6B60159241F9}.Release|x86.Build.0 = Release|Win32
		{F53A7773-9EC2-484A-BA48-D5843660D847}.Debug|x64.ActiveCfg = Debug|x64
		{F53A7773-9EC2-484A-BA48-D5843660D847}.Debug|x64.Build.0 = Debug|x64
		{F53A7773-9EC2-484A-BA48-D5843660D847}.Debug|x86.ActiveCfg = Debug|Win32
		{F53A7773-9EC2-484A-BA48-D5843660D847}.Debug|x86.Build.0 = Debug|Win32
		{F53A7773-9EC2-484A-BA48-D5843660D847}.Release|x64.ActiveCfg = Release|x64
		{F53A7773-9EC2-484A-BA48-D5843660D847}.Release|x64.Build.0 = Release|x64
		{F53A7773-9EC2-484A-BA48-D5843660D847}.Release|x86.ActiveCfg = Release|Win32
		{F53A7773-9EC2-484A-BA48-D5843660D847}.Release|x86.Build.0 = Release|Win32
		{CC4C7CC2-8D85-4497-AD96-D59C520BA2B4}.Debug|x64.ActiveCfg = Debug|x64
		{CC4C7CC2-8D85-4497-AD96-D59C520BA2B4}.Debug|x64.Build.0 = Debug|x64
		{CC4C7CC2-8D85-4497-AD96-D59C520BA2B4}.Debug|x86.ActiveCfg = Debug|Win32
		{CC4C7CC2-8D85-4497-AD96-D59C520BA2B4}.Debug|x86.Build.0 = Debug|Win32
		{CC4C7CC2-8D85-4497-AD96-D59C520BA2B4}.Release|x64.ActiveCfg = Release|x64
		{CC4C7CC2-8D85-4497-AD96-D59C520BA2B4}.Release|x64.Build.0 = Release|x64
		{CC4C7CC2-8D85-4497-AD96-D59C520BA2B4}.Release|x86.ActiveCfg = Release|Win32
		{CC4C7CC2-8D85-4497-AD96-D59C520BA2B4}.Release|x86.Build.0 = Release|Win32
		{FD8FE2CE-F0A3-4301-B243-596565E9222C}.Debug|x64.ActiveCfg = Debug|x64
		{FD8FE2CE-F0A3-4301-B243-596565E9222C}.Debug|x64.Build.0 = Debug|x64
		{FD8FE2CE-F0A3-4301-B243-596565E9222C}.Debug|x86.ActiveCfg = Debug|Win32
		{FD8FE2CE-F0A3-4301-B243-596565E9222C}.Debug|x86.Build.0 = Debug|Win32
		{FD8FE2CE-F0A3-4301-B243-596565E9222C}.Release|x64.ActiveCfg = Release|x64
		{FD8FE2CE-F0A3-4301-B243-596565E9222C}.Release|x64.Build.0 = Release|x64
		{FD8FE2CE-F0A3-4301-B243-596565E9222C}.Release|x86.ActiveCfg = Release|Win32
		{FD8FE2CE-F0A3-4301-B243-596565E9222C}.Release|x86.Build.0 = Release|Win32
		{D3019408-CD6D-414A-9E9E-60D77B7350EE}.Debug|x64.ActiveCfg = Debug|x64
		{D3019408-CD6D-414A-9E9E-60D77B7350EE}.Debug|x64.Build.0 = Debug|x64
		{D3019408-CD6D-414A-9E9E-60D77B7350EE}.Debug|x86.ActiveCfg = Debug|Win32
		{D3019408-CD6D-414A-9E9E-60D77B7350EE}.Debug|x86.Build.0 = Debug|Win32
		{D3019408-CD6D-414A-9E9E-60D77B7350EE}.Release|x64.ActiveCfg = Release|x64
		{D3019408-CD6D-414A-9E9E-60D77B7350EE}.Release|x64.Build.0 = Release|x64
		{D3019408-CD6D-414A-9E9E-60D77B7350EE}.Release|x86.ActiveCfg = Release|Win32
		{D3019408-CD6D-414A-9E9E-60D77B7350EE}.Release|x86.Build.0 = Release|Win32
		{02C647C5-FEE6-4B2E-8D4F-18AF4248F3DA}.Debug|x64.ActiveCfg = Debug|x64
		{02C647C5-FEE6-4B2E-8D4F-18AF4248F3DA}.Debug|x64.Build.0 = Debug|x64
		{02C647C5-FEE6-4B2E-8D4F-18AF4248F3DA}.Debug|x86.ActiveCfg = Debug|Win32
		{02C647C5-FEE6-4B2E-8D4F-18AF4248F3DA}.Debug|x86.Build.0 = Debug|Win32
		{02C647C5-FEE6-4B2E-8D4F-18AF4248F3DA}.Release|x64.ActiveCfg = Release|x64
		{02C647C5-FEE6-4B2E-8D4F-18AF4248F3DA}.Release|x64.Build.0 = Release|x64
		{02C647C5-FEE6-4B2E-8D4F-18AF4248F3DA}.Release|x86.ActiveCfg = Release|Win32
		{02C647C5-FEE6-4B2E-8D4F-18AF4248F3DA}.Release|x86.Build.0 = Release|Win32
		{6939E8DB-9641-49D1-95B7-37B57525EF6F}.Debug|x64.ActiveCfg = Debug|x64
		{6939E8DB-9641-49D1-95B7-37B57525EF6F}.Debug|x64.Build.0 = Debug|x64
		{6939E8DB-9641-49D1-95B7-37B57525EF6F}.Debug|x86.ActiveCfg = Debug|Win32
		{6939E8DB-9641-49D1-95B7-37B57525EF6F}.Debug|x86.Build.0 = Debug|Win32
		{6939E8DB-9641-49D1-95B7-37B57525EF6F}.Release|x64.ActiveCfg = Release|x64
		{6939E8DB-9641-49D1-95B7-37B57525EF6F}.Release|x64.Build.0 = Release|x64
		{6939E8DB-9641-49D1-95B7-37B57525EF6F}.Release|x86.ActiveCfg = Release|Win32
		{6939E8DB-9641-49D1-95B7-37B57525EF6F}.Release|x86.Build.0 = Release|Win32
		{59832BF0-A568-40B9-806C-4B921E8B71FA}.Debug|x64.ActiveCfg = Debug|x64
		{59832BF0-A568-40B9-806C-4B921E8B71FA}.Debug|x64.Build.0 = Debug|x64
		{59832BF0-A568-40B9-806C-4B921E8B71FA}.Debug|x86.ActiveCfg = Debug|Win32
		{59832BF0-A568-40B9-806C-4B921E8B71FA}.Debug|x86.Build.0 = Debug|Win32
		{59832BF0-A568-40B9-806C-4B921E8B71FA}.Release|x64.ActiveCfg = Release|x64
		{59832BF0-A568-40B9-806C-4B921E8B71FA}.Release|x64.Build.0 = Release|x64
		{59832BF0-A568-40B9-806C-4B921E8B71FA}.Release|x86.ActiveCfg = Release|Win32
		{59832BF0-A568-40B9-806C-4B921E8B71FA}.Release|x86.Build.0 = Release|Win32
		{7A7CAA39-12FD-4EBE-9267-7C76D39ACE19}.Debug|x64.ActiveCfg = Debug|x64
		{7A7CAA39-12FD-4EBE-9267-7C76D39ACE19}.Debug|x64.Build.0 = Debug|x64
		{7A7CAA39-12FD-4EBE-9267-7C76D39ACE19}.Debug|x86.ActiveCfg = Debug|Win32
		{7A7CAA39-12FD-4EBE-9267-7C76D39ACE19}.Debug|x86.Build.0 = Debug|Win32
		{7A7CAA39-12FD-4EBE-9267-7C76D39ACE19}.Release|x64.ActiveCfg = Release|x64
		{7A7CAA39-12FD-4EBE-9267-7C76D39ACE19}.Release|x64.Build.0 = Release|x64
		{7A7CAA39-12FD-4EBE-9267-7C76D39ACE19}.Release|x86.ActiveCfg = Release|Win32
		{7A7CAA39-12FD-4EBE-9267-7C76D39ACE19}.Release|x86.Build.0 = Release|Win32
	EndGlobalSection
	GlobalSection(SolutionProperties) = preSolution
		HideSolutionNode = FALSE
	EndGlobalSection
	GlobalSection(ExtensibilityGlobals) = postSolution
		SolutionGuid = {24480349-4931-461D-8F86-CA39F70C177C}
	EndGlobalSection
EndGlobal
