
Microsoft Visual Studio Solution File, Format Version 12.00
# Visual Studio Version 16
VisualStudioVersion = 16.0.31205.134
MinimumVisualStudioVersion = 10.0.40219.1
Project("{8BC9CEB8-8B4A-11D0-8D11-00A0C91BC942}") = "WindowsApi", "WindowsApi\WindowsApi.vcxproj", "{2041C426-923C-416E-B4BB-7C9C24A0C225}"
EndProject
Project("{8BC9CEB8-8B4A-11D0-8D11-00A0C91BC942}") = "1-2", "1-2\1-2.vcxproj", "{64C9D730-23B0-4648-BC7B-7E90D1E0A72B}"
EndProject
Global
	GlobalSection(SolutionConfigurationPlatforms) = preSolution
		Debug|x64 = Debug|x64
		Debug|x86 = Debug|x86
		Release|x64 = Release|x64
		Release|x86 = Release|x86
	EndGlobalSection
	GlobalSection(ProjectConfigurationPlatforms) = postSolution
		{2041C426-923C-416E-B4BB-7C9C24A0C225}.Debug|x64.ActiveCfg = Debug|x64
		{2041C426-923C-416E-B4BB-7C9C24A0C225}.Debug|x64.Build.0 = Debug|x64
		{2041C426-923C-416E-B4BB-7C9C24A0C225}.Debug|x86.ActiveCfg = Debug|Win32
		{2041C426-923C-416E-B4BB-7C9C24A0C225}.Debug|x86.Build.0 = Debug|Win32
		{2041C426-923C-416E-B4BB-7C9C24A0C225}.Release|x64.ActiveCfg = Release|x64
		{2041C426-923C-416E-B4BB-7C9C24A0C225}.Release|x64.Build.0 = Release|x64
		{2041C426-923C-416E-B4BB-7C9C24A0C225}.Release|x86.ActiveCfg = Release|Win32
		{2041C426-923C-416E-B4BB-7C9C24A0C225}.Release|x86.Build.0 = Release|Win32
		{64C9D730-23B0-4648-BC7B-7E90D1E0A72B}.Debug|x64.ActiveCfg = Debug|x64
		{64C9D730-23B0-4648-BC7B-7E90D1E0A72B}.Debug|x64.Build.0 = Debug|x64
		{64C9D730-23B0-4648-BC7B-7E90D1E0A72B}.Debug|x86.ActiveCfg = Debug|Win32
		{64C9D730-23B0-4648-BC7B-7E90D1E0A72B}.Debug|x86.Build.0 = Debug|Win32
		{64C9D730-23B0-4648-BC7B-7E90D1E0A72B}.Release|x64.ActiveCfg = Release|x64
		{64C9D730-23B0-4648-BC7B-7E90D1E0A72B}.Release|x64.Build.0 = Release|x64
		{64C9D730-23B0-4648-BC7B-7E90D1E0A72B}.Release|x86.ActiveCfg = Release|Win32
		{64C9D730-23B0-4648-BC7B-7E90D1E0A72B}.Release|x86.Build.0 = Release|Win32
	EndGlobalSection
	GlobalSection(SolutionProperties) = preSolution
		HideSolutionNode = FALSE
	EndGlobalSection
	GlobalSection(ExtensibilityGlobals) = postSolution
		SolutionGuid = {24480349-4931-461D-8F86-CA39F70C177C}
	EndGlobalSection
EndGlobal
